<?xml version="1.0" encoding="utf-8"?>
<Project ToolsVersion="4.0" xmlns="http://schemas.microsoft.com/developer/msbuild/2003">
  <ItemGroup>
    <Filter Include="src">
      <UniqueIdentifier>{3B8E3CF7-0B08-4D68-AB35-7A861B1EA1B2}</UniqueIdentifier>
    </Filter>
    <Filter Include="src\algo">
      <UniqueIdentifier>{6D0B2A2B-5BC2-4B0D-B765-86C20E4B5A3A}</UniqueIdentifier>
    </Filter>
    <Filter Include="src\algo\probability_engine">
      <UniqueIdentifier>{8EFF810E-F461-498C-8880-E6DAC2C6A886}</UniqueIdentifier>
    </Filter>
    <Filter Include="src\algo\probability_engine\bruteforce">
      <UniqueIdentifier>{B4BDB0EF-1C25-45B2-A35B-3B03DD2D98DD}</UniqueIdentifier>
    </Filter>
    <Filter Include="src\algo\probability_engine\probability">
      <UniqueIdentifier>{D2E3F11F-9DE0-4688-8E70-5A6AB62311AC}</UniqueIdentifier>
    </Filter>
    <Filter Include="src\algo\probability_engine\shape_solver">
      <UniqueIdentifier>{7F6B3F4A-6018-4E2D-91D2-30B2BDBB8AD1}</UniqueIdentifier>
    </Filter>
    <Filter Include="src\algo\probability_engine\shape_solver\graph_solver">
      <UniqueIdentifier>{C5B30C1D-6D1A-4F0D-9C3B-2A8B4E7D6F90}</UniqueIdentifier>
    </Filter>
    <Filter Include="src\algo\winrate_solver">
      <UniqueIdentifier>{1E054D1F-6138-4FA3-BB4C-46E179E10C2D}</UniqueIdentifier>
    </Filter>
    <Filter Include="src\algo\winrate_solver\java_transplant">
      <UniqueIdentifier>{04D81B29-4FCB-4D42-A4BA-F123E2F2F5DA}</UniqueIdentifier>
    </Filter>
    <Filter Include="src\core">
      <UniqueIdentifier>{0ACB0F25-DDF1-44A7-A94C-A07B72E9BC85}</UniqueIdentifier>
    </Filter>
    <Filter Include="src\core\utility">
      <UniqueIdentifier>{B3E89C88-5D3D-41F8-BC0C-E1DE8EA5DDE7}</UniqueIdentifier>
    </Filter>
    <Filter Include="src\test">
      <UniqueIdentifier>{A2BCF0D8-1BAE-4A88-A5C6-07C67F598A94}</UniqueIdentifier>
    </Filter>
    <Filter Include="src\algo\probability_engine\bruteforce\multimask">
      <UniqueIdentifier>{f7bf34fc-49a9-4f58-802f-675e88a13de9}</UniqueIdentifier>
    </Filter>
  </ItemGroup>
  <ItemGroup>
    <ClCompile Include="src\main.cpp">
      <Filter>src</Filter>
    </ClCompile>
  </ItemGroup>
  <ItemGroup>
    <ClInclude Include="src\algo\probability_engine\basic.h">
      <Filter>src\algo\probability_engine</Filter>
    </ClInclude>
    <ClInclude Include="src\algo\probability_engine\bruteforce\bruteforce.h">
      <Filter>src\algo\probability_engine\bruteforce</Filter>
    </ClInclude>
    <ClInclude Include="src\algo\probability_engine\bruteforce\bruteforce_common.h">
      <Filter>src\algo\probability_engine\bruteforce</Filter>
    </ClInclude>
    <ClInclude Include="src\algo\probability_engine\bruteforce\bruteforce_normal.h">
      <Filter>src\algo\probability_engine\bruteforce</Filter>
    </ClInclude>
    <ClInclude Include="src\algo\probability_engine\observed_board.h">
      <Filter>src\algo\probability_engine</Filter>
    </ClInclude>
    <ClInclude Include="src\algo\probability_engine\probability\probability.h">
      <Filter>src\algo\probability_engine\probability</Filter>
    </ClInclude>
    <ClInclude Include="src\algo\probability_engine\probability\observe.h">
      <Filter>src\algo\probability_engine\probability</Filter>
    </ClInclude>
    <ClInclude Include="src\algo\probability_engine\probability\probability_external.h">
      <Filter>src\algo\probability_engine\probability</Filter>
    </ClInclude>
    <ClInclude Include="src\algo\probability_engine\shape_solver\dfs_solver.h">
      <Filter>src\algo\probability_engine\shape_solver</Filter>
    </ClInclude>
    <ClInclude Include="src\algo\probability_engine\shape_solver\graph_solver\graph_solver.h">
      <Filter>src\algo\probability_engine\shape_solver\graph_solver</Filter>
    </ClInclude>
    <ClInclude Include="src\algo\probability_engine\shape_solver\graph_solver\graph_solver_dp.h">
      <Filter>src\algo\probability_engine\shape_solver\graph_solver</Filter>
    </ClInclude>
    <ClInclude Include="src\algo\probability_engine\shape_solver\graph_solver\graph_solver_order.h">
      <Filter>src\algo\probability_engine\shape_solver\graph_solver</Filter>
    </ClInclude>
    <ClInclude Include="src\algo\probability_engine\shape_solver\shape_solver.h">
      <Filter>src\algo\probability_engine\shape_solver</Filter>
    </ClInclude>
    <ClInclude Include="src\algo\probability_engine\shape_solver\shape_solver_common.h">
      <Filter>src\algo\probability_engine\shape_solver</Filter>
    </ClInclude>
    <ClInclude Include="src\algo\probability_engine\structure.h">
      <Filter>src\algo\probability_engine</Filter>
    </ClInclude>
    <ClInclude Include="src\algo\winrate_solver\java_transplant\java_evaluate.h">
      <Filter>src\algo\winrate_solver\java_transplant</Filter>
    </ClInclude>
    <ClInclude Include="src\algo\winrate_solver\java_transplant\long_term_risk_helper.h">
      <Filter>src\algo\winrate_solver\java_transplant</Filter>
    </ClInclude>
    <ClInclude Include="src\algo\winrate_solver\java_transplant\pseudo_helper.h">
      <Filter>src\algo\winrate_solver\java_transplant</Filter>
    </ClInclude>
    <ClInclude Include="src\core\assert.h">
      <Filter>src\core</Filter>
    </ClInclude>
    <ClInclude Include="src\core\config.h">
      <Filter>src\core</Filter>
    </ClInclude>
    <ClInclude Include="src\core\types.h">
      <Filter>src\core</Filter>
    </ClInclude>
    <ClInclude Include="src\core\workspace.h">
      <Filter>src\core</Filter>
    </ClInclude>
    <ClInclude Include="src\core\utility\combinatorics.h">
      <Filter>src\core\utility</Filter>
    </ClInclude>
    <ClInclude Include="src\core\utility\dynamic_bitset.h">
      <Filter>src\core\utility</Filter>
    </ClInclude>
    <ClInclude Include="src\core\utility\flat_hashtable.h">
      <Filter>src\core\utility</Filter>
    </ClInclude>
    <ClInclude Include="src\core\utility\grid.h">
      <Filter>src\core\utility</Filter>
    </ClInclude>
    <ClInclude Include="src\core\utility\hash.h">
      <Filter>src\core\utility</Filter>
    </ClInclude>
    <ClInclude Include="src\core\utility\radix_sort.h">
      <Filter>src\core\utility</Filter>
    </ClInclude>
    <ClInclude Include="src\core\utility\rng.h">
      <Filter>src\core\utility</Filter>
    </ClInclude>
    <ClInclude Include="src\test\basic.h">
      <Filter>src\test</Filter>
    </ClInclude>
    <ClInclude Include="src\test\bruteforce.h">
      <Filter>src\test</Filter>
    </ClInclude>
    <ClInclude Include="src\test\common.h">
      <Filter>src\test</Filter>
    </ClInclude>
    <ClInclude Include="src\test\flat_hashtable.h">
      <Filter>src\test</Filter>
    </ClInclude>
    <ClInclude Include="src\test\harness.h">
      <Filter>src\test</Filter>
    </ClInclude>
    <ClInclude Include="src\test\observed_board.h">
      <Filter>src\test</Filter>
    </ClInclude>
    <ClInclude Include="src\test\radix_sort.h">
      <Filter>src\test</Filter>
    </ClInclude>
    <ClInclude Include="src\test\structure.h">
      <Filter>src\test</Filter>
    </ClInclude>
    <ClInclude Include="src\test\performance.h">
      <Filter>src\test</Filter>
    </ClInclude>
    <ClInclude Include="src\test\probability_case.h">
      <Filter>src\test</Filter>
    </ClInclude>
    <ClInclude Include="src\test\real_endgame_performance.h">
      <Filter>src\test</Filter>
    </ClInclude>
    <ClInclude Include="src\algo\probability_engine\bruteforce\multimask\bruteforce_multimask.h">
      <Filter>src\algo\probability_engine\bruteforce\multimask</Filter>
    </ClInclude>
    <ClInclude Include="src\algo\probability_engine\bruteforce\multimask\bruteforce_multimask_rootparallel.h">
      <Filter>src\algo\probability_engine\bruteforce\multimask</Filter>
    </ClInclude>
  </ItemGroup>
</Project>
